Microsoft Visual Studio Solution File, Format Version 11.00
# Visual Studio 2008

Project("{028F83E6-D1DB-8E45-2BD2-CE8E49A0AF2E}") = "Learn2D_1", "Assembly-CSharp-firstpass.csproj", "{FC50A247-EB58-2EF3-C6A9-4C08119F6CFD}"
EndProject
Project("{028F83E6-D1DB-8E45-2BD2-CE8E49A0AF2E}") = "Learn2D_1", "Assembly-CSharp.csproj", "{7F4F36DB-5E4B-52EF-45DD-6642F4870CDB}"
EndProject
Project("{028F83E6-D1DB-8E45-2BD2-CE8E49A0AF2E}") = "Learn2D_1", "Assembly-CSharp-Editor.csproj", "{D1A61429-E5CF-7576-6F48-BA2277851C40}"
EndProject
Project("{028F83E6-D1DB-8E45-2BD2-CE8E49A0AF2E}") = "Learn2D_1", "Assembly-UnityScript.unityproj", "{57EC3582-0168-E4D9-060C-4B8F0413157A}"
EndProject
Global
	GlobalSection(SolutionConfigurationPlatforms) = preSolution
		Debug|Any CPU = Debug|Any CPU
		Release|Any CPU = Release|Any CPU
	EndGlobalSection
	GlobalSection(ProjectConfigurationPlatforms) = postSolution
		{FC50A247-EB58-2EF3-C6A9-4C08119F6CFD}.Debug|Any CPU.ActiveCfg = Debug|Any CPU
		{FC50A247-EB58-2EF3-C6A9-4C08119F6CFD}.Debug|Any CPU.Build.0 = Debug|Any CPU
		{FC50A247-EB58-2EF3-C6A9-4C08119F6CFD}.Release|Any CPU.ActiveCfg = Release|Any CPU
		{FC50A247-EB58-2EF3-C6A9-4C08119F6CFD}.Release|Any CPU.Build.0 = Release|Any CPU
		{7F4F36DB-5E4B-52EF-45DD-6642F4870CDB}.Debug|Any CPU.ActiveCfg = Debug|Any CPU
		{7F4F36DB-5E4B-52EF-45DD-6642F4870CDB}.Debug|Any CPU.Build.0 = Debug|Any CPU
		{7F4F36DB-5E4B-52EF-45DD-6642F4870CDB}.Release|Any CPU.ActiveCfg = Release|Any CPU
		{7F4F36DB-5E4B-52EF-45DD-6642F4870CDB}.Release|Any CPU.Build.0 = Release|Any CPU
		{D1A61429-E5CF-7576-6F48-BA2277851C40}.Debug|Any CPU.ActiveCfg = Debug|Any CPU
		{D1A61429-E5CF-7576-6F48-BA2277851C40}.Debug|Any CPU.Build.0 = Debug|Any CPU
		{D1A61429-E5CF-7576-6F48-BA2277851C40}.Release|Any CPU.ActiveCfg = Release|Any CPU
		{D1A61429-E5CF-7576-6F48-BA2277851C40}.Release|Any CPU.Build.0 = Release|Any CPU
		{57EC3582-0168-E4D9-060C-4B8F0413157A}.Debug|Any CPU.ActiveCfg = Debug|Any CPU
		{57EC3582-0168-E4D9-060C-4B8F0413157A}.Debug|Any CPU.Build.0 = Debug|Any CPU
		{57EC3582-0168-E4D9-060C-4B8F0413157A}.Release|Any CPU.ActiveCfg = Release|Any CPU
		{57EC3582-0168-E4D9-060C-4B8F0413157A}.Release|Any CPU.Build.0 = Release|Any CPU
	EndGlobalSection
	GlobalSection(SolutionProperties) = preSolution
		HideSolutionNode = FALSE
	EndGlobalSection
																																																																																																																																																																															GlobalSection(MonoDevelopProperties) = preSolution
		StartupItem = Assembly-CSharp.csproj
		Policies = $0
		$0.TextStylePolicy = $1
		$1.inheritsSet = null
		$1.scope = text/x-csharp
		$0.CSharpFormattingPolicy = $2
		$2.inheritsSet = Mono
		$2.inheritsScope = text/x-csharp
		$2.scope = text/x-csharp
		$0.TextStylePolicy = $3
		$3.FileWidth = 120
		$3.TabWidth = 4
		$3.IndentWidth = 4
		$3.EolMarker = Unix
		$3.inheritsSet = Mono
		$3.inheritsScope = text/plain
		$3.scope = text/plain
	EndGlobalSection

EndGlobal
